
Microsoft Visual Studio Solution File, Format Version 12.00
# Visual Studio Version 17
VisualStudioVersion = 17.9.34701.34
MinimumVisualStudioVersion = 10.0.40219.1
Project("{2150E333-8FDC-42A3-9474-1A3956D46DE8}") = "Dominio", "Dominio", "{B41D028F-FCED-4EAB-AC3B-917773D2EDA6}"
EndProject
Project("{FAE04EC0-301F-11D3-BF4B-00C04F79EFBC}") = "EncuestasDAO", "..\ImplementacionBaseDatos\Dominio\EncuestasDAO\EncuestasDAO.csproj", "{24F04221-1406-47B4-8DEB-8055F69B720A}"
EndProject
Project("{FAE04EC0-301F-11D3-BF4B-00C04F79EFBC}") = "EncuestaServicio", "..\ImplementacionBaseDatos\Dominio\EncuestaServicio\EncuestaServicio.csproj", "{55701CF7-2994-46B1-B68D-B8C623154C8D}"
EndProject
Project("{FAE04EC0-301F-11D3-BF4B-00C04F79EFBC}") = "EncuestasSQLServerDaoImpl", "..\ImplementacionBaseDatos\Dominio\EncuestasSQLServerDaoImpl\EncuestasSQLServerDaoImpl.csproj", "{BA2DD45F-E7E2-4D69-98DF-1E725DB387D5}"
EndProject
Project("{FAE04EC0-301F-11D3-BF4B-00C04F79EFBC}") = "EncuestasNuevoModels", "..\ImplementacionBaseDatos\Dominio\EncuestasModels\EncuestasNuevoModels.csproj", "{CF14C57A-404D-4834-8F03-2D0B6120A286}"
EndProject
Project("{2150E333-8FDC-42A3-9474-1A3956D46DE8}") = "servicio", "servicio", "{069A49EA-FA31-4F42-9118-C1F14C4D1D19}"
EndProject
Project("{FAE04EC0-301F-11D3-BF4B-00C04F79EFBC}") = "EncuestasSQLiteDaoImpl", "..\ImplementacionBaseDatos\Dominio\EncuestasSQLiteDaoImpl\EncuestasSQLiteDaoImpl.csproj", "{9EF2535F-A49D-41CD-B126-2614831A55FB}"
EndProject
Project("{FAE04EC0-301F-11D3-BF4B-00C04F79EFBC}") = "ServicioEncuestasASP_API", "ServicioEncuestasASP_API\ServicioEncuestasASP_API.csproj", "{5F014F74-57EC-4652-9E68-E9B96100865D}"
EndProject
Global
	GlobalSection(SolutionConfigurationPlatforms) = preSolution
		Debug|Any CPU = Debug|Any CPU
		Release|Any CPU = Release|Any CPU
	EndGlobalSection
	GlobalSection(ProjectConfigurationPlatforms) = postSolution
		{24F04221-1406-47B4-8DEB-8055F69B720A}.Debug|Any CPU.ActiveCfg = Debug|Any CPU
		{24F04221-1406-47B4-8DEB-8055F69B720A}.Debug|Any CPU.Build.0 = Debug|Any CPU
		{24F04221-1406-47B4-8DEB-8055F69B720A}.Release|Any CPU.ActiveCfg = Release|Any CPU
		{24F04221-1406-47B4-8DEB-8055F69B720A}.Release|Any CPU.Build.0 = Release|Any CPU
		{55701CF7-2994-46B1-B68D-B8C623154C8D}.Debug|Any CPU.ActiveCfg = Debug|Any CPU
		{55701CF7-2994-46B1-B68D-B8C623154C8D}.Debug|Any CPU.Build.0 = Debug|Any CPU
		{55701CF7-2994-46B1-B68D-B8C623154C8D}.Release|Any CPU.ActiveCfg = Release|Any CPU
		{55701CF7-2994-46B1-B68D-B8C623154C8D}.Release|Any CPU.Build.0 = Release|Any CPU
		{BA2DD45F-E7E2-4D69-98DF-1E725DB387D5}.Debug|Any CPU.ActiveCfg = Debug|Any CPU
		{BA2DD45F-E7E2-4D69-98DF-1E725DB387D5}.Debug|Any CPU.Build.0 = Debug|Any CPU
		{BA2DD45F-E7E2-4D69-98DF-1E725DB387D5}.Release|Any CPU.ActiveCfg = Release|Any CPU
		{BA2DD45F-E7E2-4D69-98DF-1E725DB387D5}.Release|Any CPU.Build.0 = Release|Any CPU
		{CF14C57A-404D-4834-8F03-2D0B6120A286}.Debug|Any CPU.ActiveCfg = Debug|Any CPU
		{CF14C57A-404D-4834-8F03-2D0B6120A286}.Debug|Any CPU.Build.0 = Debug|Any CPU
		{CF14C57A-404D-4834-8F03-2D0B6120A286}.Release|Any CPU.ActiveCfg = Release|Any CPU
		{CF14C57A-404D-4834-8F03-2D0B6120A286}.Release|Any CPU.Build.0 = Release|Any CPU
		{9EF2535F-A49D-41CD-B126-2614831A55FB}.Debug|Any CPU.ActiveCfg = Debug|Any CPU
		{9EF2535F-A49D-41CD-B126-2614831A55FB}.Debug|Any CPU.Build.0 = Debug|Any CPU
		{9EF2535F-A49D-41CD-B126-2614831A55FB}.Release|Any CPU.ActiveCfg = Release|Any CPU
		{9EF2535F-A49D-41CD-B126-2614831A55FB}.Release|Any CPU.Build.0 = Release|Any CPU
		{5F014F74-57EC-4652-9E68-E9B96100865D}.Debug|Any CPU.ActiveCfg = Debug|Any CPU
		{5F014F74-57EC-4652-9E68-E9B96100865D}.Debug|Any CPU.Build.0 = Debug|Any CPU
		{5F014F74-57EC-4652-9E68-E9B96100865D}.Release|Any CPU.ActiveCfg = Release|Any CPU
		{5F014F74-57EC-4652-9E68-E9B96100865D}.Release|Any CPU.Build.0 = Release|Any CPU
	EndGlobalSection
	GlobalSection(SolutionProperties) = preSolution
		HideSolutionNode = FALSE
	EndGlobalSection
	GlobalSection(NestedProjects) = preSolution
		{24F04221-1406-47B4-8DEB-8055F69B720A} = {B41D028F-FCED-4EAB-AC3B-917773D2EDA6}
		{55701CF7-2994-46B1-B68D-B8C623154C8D} = {B41D028F-FCED-4EAB-AC3B-917773D2EDA6}
		{BA2DD45F-E7E2-4D69-98DF-1E725DB387D5} = {B41D028F-FCED-4EAB-AC3B-917773D2EDA6}
		{CF14C57A-404D-4834-8F03-2D0B6120A286} = {B41D028F-FCED-4EAB-AC3B-917773D2EDA6}
		{9EF2535F-A49D-41CD-B126-2614831A55FB} = {B41D028F-FCED-4EAB-AC3B-917773D2EDA6}
		{5F014F74-57EC-4652-9E68-E9B96100865D} = {069A49EA-FA31-4F42-9118-C1F14C4D1D19}
	EndGlobalSection
	GlobalSection(ExtensibilityGlobals) = postSolution
		SolutionGuid = {E74AFCEE-393C-4347-BF7A-ECABD0EA6820}
	EndGlobalSection
EndGlobal
