
Microsoft Visual Studio Solution File, Format Version 12.00
# Visual Studio Version 16
VisualStudioVersion = 16.0.34407.143
MinimumVisualStudioVersion = 10.0.40219.1
Project("{2150E333-8FDC-42A3-9474-1A3956D46DE8}") = "Dominio", "Dominio", "{B41D028F-FCED-4EAB-AC3B-917773D2EDA6}"
EndProject
Project("{FAE04EC0-301F-11D3-BF4B-00C04F79EFBC}") = "EncuestasDAO", "..\ImplementacionBaseDatos\Dominio\EncuestasDAO\EncuestasDAO.csproj", "{24F04221-1406-47B4-8DEB-8055F69B720A}"
EndProject
Project("{FAE04EC0-301F-11D3-BF4B-00C04F79EFBC}") = "EncuestaServicio", "..\ImplementacionBaseDatos\Dominio\EncuestaServicio\EncuestaServicio.csproj", "{55701CF7-2994-46B1-B68D-B8C623154C8D}"
EndProject
Project("{FAE04EC0-301F-11D3-BF4B-00C04F79EFBC}") = "EncuestasSQLServerDaoImpl", "..\ImplementacionBaseDatos\Dominio\EncuestasSQLServerDaoImpl\EncuestasSQLServerDaoImpl.csproj", "{BA2DD45F-E7E2-4D69-98DF-1E725DB387D5}"
EndProject
Project("{FAE04EC0-301F-11D3-BF4B-00C04F79EFBC}") = "ServicioEncuestasASP_POWERBI", "ServicioWebASP_POWERBI\ServicioEncuestasASP_POWERBI.csproj", "{5F014F74-57EC-4652-9E68-E9B96100865D}"
EndProject
Project("{FAE04EC0-301F-11D3-BF4B-00C04F79EFBC}") = "EncuestasNuevoModels", "..\ImplementacionBaseDatos\Dominio\EncuestasModels\EncuestasNuevoModels.csproj", "{CF14C57A-404D-4834-8F03-2D0B6120A286}"
EndProject
Project("{FAE04EC0-301F-11D3-BF4B-00C04F79EFBC}") = "EncuestasSQLiteDaoImpl", "..\ImplementacionBaseDatos\Dominio\EncuestasSQLiteDaoImpl\EncuestasSQLiteDaoImpl.csproj", "{9EF2535F-A49D-41CD-B126-2614831A55FB}"
EndProject
Project("{2150E333-8FDC-42A3-9474-1A3956D46DE8}") = "reportes powerbi", "reportes powerbi", "{64EEE992-F4D9-4DF4-908E-2B06309A5AF7}"
	ProjectSection(SolutionItems) = preProject
		powerbi_src\prueba.pbix = powerbi_src\prueba.pbix
	EndProjectSection
EndProject
Project("{2150E333-8FDC-42A3-9474-1A3956D46DE8}") = "libs", "libs", "{C187F414-60B3-419A-A293-B0700D82E406}"
EndProject
Project("{2150E333-8FDC-42A3-9474-1A3956D46DE8}") = "app web de prueba", "app web de prueba", "{70FEA7A7-5F40-458A-8147-A7DBC2C2002A}"
EndProject
Project("{2150E333-8FDC-42A3-9474-1A3956D46DE8}") = "docs", "docs", "{AC999017-D7E4-4EBD-A246-1634D057B47B}"
	ProjectSection(SolutionItems) = preProject
		info.txt = info.txt
		pantallazo_powerbi_embedded.jpg = pantallazo_powerbi_embedded.jpg
		README.md = README.md
	EndProjectSection
EndProject
Project("{FAE04EC0-301F-11D3-BF4B-00C04F79EFBC}") = "PowerBIAPIServer.ClientServices", "PowerBIAPIServer.ClientServices\PowerBIAPIServer.ClientServices.csproj", "{3D6950F5-0DA8-4D65-A697-28D69E2E41A7}"
EndProject
Global
	GlobalSection(SolutionConfigurationPlatforms) = preSolution
		Debug|Any CPU = Debug|Any CPU
		Release|Any CPU = Release|Any CPU
	EndGlobalSection
	GlobalSection(ProjectConfigurationPlatforms) = postSolution
		{24F04221-1406-47B4-8DEB-8055F69B720A}.Debug|Any CPU.ActiveCfg = Debug|Any CPU
		{24F04221-1406-47B4-8DEB-8055F69B720A}.Debug|Any CPU.Build.0 = Debug|Any CPU
		{24F04221-1406-47B4-8DEB-8055F69B720A}.Release|Any CPU.ActiveCfg = Release|Any CPU
		{24F04221-1406-47B4-8DEB-8055F69B720A}.Release|Any CPU.Build.0 = Release|Any CPU
		{55701CF7-2994-46B1-B68D-B8C623154C8D}.Debug|Any CPU.ActiveCfg = Debug|Any CPU
		{55701CF7-2994-46B1-B68D-B8C623154C8D}.Debug|Any CPU.Build.0 = Debug|Any CPU
		{55701CF7-2994-46B1-B68D-B8C623154C8D}.Release|Any CPU.ActiveCfg = Release|Any CPU
		{55701CF7-2994-46B1-B68D-B8C623154C8D}.Release|Any CPU.Build.0 = Release|Any CPU
		{BA2DD45F-E7E2-4D69-98DF-1E725DB387D5}.Debug|Any CPU.ActiveCfg = Debug|Any CPU
		{BA2DD45F-E7E2-4D69-98DF-1E725DB387D5}.Debug|Any CPU.Build.0 = Debug|Any CPU
		{BA2DD45F-E7E2-4D69-98DF-1E725DB387D5}.Release|Any CPU.ActiveCfg = Release|Any CPU
		{BA2DD45F-E7E2-4D69-98DF-1E725DB387D5}.Release|Any CPU.Build.0 = Release|Any CPU
		{5F014F74-57EC-4652-9E68-E9B96100865D}.Debug|Any CPU.ActiveCfg = Debug|Any CPU
		{5F014F74-57EC-4652-9E68-E9B96100865D}.Debug|Any CPU.Build.0 = Debug|Any CPU
		{5F014F74-57EC-4652-9E68-E9B96100865D}.Release|Any CPU.ActiveCfg = Release|Any CPU
		{5F014F74-57EC-4652-9E68-E9B96100865D}.Release|Any CPU.Build.0 = Release|Any CPU
		{CF14C57A-404D-4834-8F03-2D0B6120A286}.Debug|Any CPU.ActiveCfg = Debug|Any CPU
		{CF14C57A-404D-4834-8F03-2D0B6120A286}.Debug|Any CPU.Build.0 = Debug|Any CPU
		{CF14C57A-404D-4834-8F03-2D0B6120A286}.Release|Any CPU.ActiveCfg = Release|Any CPU
		{CF14C57A-404D-4834-8F03-2D0B6120A286}.Release|Any CPU.Build.0 = Release|Any CPU
		{9EF2535F-A49D-41CD-B126-2614831A55FB}.Debug|Any CPU.ActiveCfg = Debug|Any CPU
		{9EF2535F-A49D-41CD-B126-2614831A55FB}.Debug|Any CPU.Build.0 = Debug|Any CPU
		{9EF2535F-A49D-41CD-B126-2614831A55FB}.Release|Any CPU.ActiveCfg = Release|Any CPU
		{9EF2535F-A49D-41CD-B126-2614831A55FB}.Release|Any CPU.Build.0 = Release|Any CPU
		{3D6950F5-0DA8-4D65-A697-28D69E2E41A7}.Debug|Any CPU.ActiveCfg = Debug|Any CPU
		{3D6950F5-0DA8-4D65-A697-28D69E2E41A7}.Debug|Any CPU.Build.0 = Debug|Any CPU
		{3D6950F5-0DA8-4D65-A697-28D69E2E41A7}.Release|Any CPU.ActiveCfg = Release|Any CPU
		{3D6950F5-0DA8-4D65-A697-28D69E2E41A7}.Release|Any CPU.Build.0 = Release|Any CPU
	EndGlobalSection
	GlobalSection(SolutionProperties) = preSolution
		HideSolutionNode = FALSE
	EndGlobalSection
	GlobalSection(NestedProjects) = preSolution
		{B41D028F-FCED-4EAB-AC3B-917773D2EDA6} = {C187F414-60B3-419A-A293-B0700D82E406}
		{24F04221-1406-47B4-8DEB-8055F69B720A} = {B41D028F-FCED-4EAB-AC3B-917773D2EDA6}
		{55701CF7-2994-46B1-B68D-B8C623154C8D} = {B41D028F-FCED-4EAB-AC3B-917773D2EDA6}
		{BA2DD45F-E7E2-4D69-98DF-1E725DB387D5} = {B41D028F-FCED-4EAB-AC3B-917773D2EDA6}
		{5F014F74-57EC-4652-9E68-E9B96100865D} = {70FEA7A7-5F40-458A-8147-A7DBC2C2002A}
		{CF14C57A-404D-4834-8F03-2D0B6120A286} = {B41D028F-FCED-4EAB-AC3B-917773D2EDA6}
		{9EF2535F-A49D-41CD-B126-2614831A55FB} = {B41D028F-FCED-4EAB-AC3B-917773D2EDA6}
		{3D6950F5-0DA8-4D65-A697-28D69E2E41A7} = {C187F414-60B3-419A-A293-B0700D82E406}
	EndGlobalSection
	GlobalSection(ExtensibilityGlobals) = postSolution
		SolutionGuid = {E74AFCEE-393C-4347-BF7A-ECABD0EA6820}
	EndGlobalSection
EndGlobal
