
Microsoft Visual Studio Solution File, Format Version 12.00
# Visual Studio Version 16
VisualStudioVersion = 16.0.34407.143
MinimumVisualStudioVersion = 10.0.40219.1
Project("{2150E333-8FDC-42A3-9474-1A3956D46DE8}") = "Dominio", "Dominio", "{B41D028F-FCED-4EAB-AC3B-917773D2EDA6}"
EndProject
Project("{FAE04EC0-301F-11D3-BF4B-00C04F79EFBC}") = "EncuestasDAO", "..\ImplementacionBaseDatos\Dominio\EncuestasDAO\EncuestasDAO.csproj", "{24F04221-1406-47B4-8DEB-8055F69B720A}"
EndProject
Project("{FAE04EC0-301F-11D3-BF4B-00C04F79EFBC}") = "EncuestaServicio", "..\ImplementacionBaseDatos\Dominio\EncuestaServicio\EncuestaServicio.csproj", "{55701CF7-2994-46B1-B68D-B8C623154C8D}"
EndProject
Project("{FAE04EC0-301F-11D3-BF4B-00C04F79EFBC}") = "EncuestasSQLServerDaoImpl", "..\ImplementacionBaseDatos\Dominio\EncuestasSQLServerDaoImpl\EncuestasSQLServerDaoImpl.csproj", "{BA2DD45F-E7E2-4D69-98DF-1E725DB387D5}"
EndProject
Project("{FAE04EC0-301F-11D3-BF4B-00C04F79EFBC}") = "EncuestasNuevoModels", "..\ImplementacionBaseDatos\Dominio\EncuestasModels\EncuestasNuevoModels.csproj", "{CF14C57A-404D-4834-8F03-2D0B6120A286}"
EndProject
Project("{FAE04EC0-301F-11D3-BF4B-00C04F79EFBC}") = "EncuestasSQLiteDaoImpl", "..\ImplementacionBaseDatos\Dominio\EncuestasSQLiteDaoImpl\EncuestasSQLiteDaoImpl.csproj", "{9EF2535F-A49D-41CD-B126-2614831A55FB}"
EndProject
Project("{FAE04EC0-301F-11D3-BF4B-00C04F79EFBC}") = "ServicioExcelAPI", "ServicioExcelAPI\ServicioExcelAPI.csproj", "{A17CD6F1-1103-4CA7-B838-54443E488654}"
EndProject
Project("{FAE04EC0-301F-11D3-BF4B-00C04F79EFBC}") = "ServicioEncuestasASP_APIClient", "ServicioEncuestasAPIClient\ServicioEncuestasASP_APIClient.csproj", "{BCBD6302-F5D4-4BBB-9AA8-49BF70388B31}"
EndProject
Project("{2150E333-8FDC-42A3-9474-1A3956D46DE8}") = "api_servicio", "api_servicio", "{F5BEA9CB-1205-41D0-B820-92B9ECD5A1CA}"
EndProject
Project("{FAE04EC0-301F-11D3-BF4B-00C04F79EFBC}") = "ServicioAPI.Client.Services", "ServicioExcelAPI.Client.Services\ServicioAPI.Client.Services.csproj", "{E59B0DB4-0405-469C-8AAA-C503B5B1BDDD}"
EndProject
Project("{2150E333-8FDC-42A3-9474-1A3956D46DE8}") = "app_web_cliente_consume_api", "app_web_cliente_consume_api", "{75122850-920B-4CC5-86BE-6554F22560FA}"
EndProject
Project("{2150E333-8FDC-42A3-9474-1A3956D46DE8}") = "libs", "libs", "{C0907374-2630-448D-BF9A-EEFA2D4C6871}"
EndProject
Global
	GlobalSection(SolutionConfigurationPlatforms) = preSolution
		Debug|Any CPU = Debug|Any CPU
		Release|Any CPU = Release|Any CPU
	EndGlobalSection
	GlobalSection(ProjectConfigurationPlatforms) = postSolution
		{24F04221-1406-47B4-8DEB-8055F69B720A}.Debug|Any CPU.ActiveCfg = Debug|Any CPU
		{24F04221-1406-47B4-8DEB-8055F69B720A}.Debug|Any CPU.Build.0 = Debug|Any CPU
		{24F04221-1406-47B4-8DEB-8055F69B720A}.Release|Any CPU.ActiveCfg = Release|Any CPU
		{24F04221-1406-47B4-8DEB-8055F69B720A}.Release|Any CPU.Build.0 = Release|Any CPU
		{55701CF7-2994-46B1-B68D-B8C623154C8D}.Debug|Any CPU.ActiveCfg = Debug|Any CPU
		{55701CF7-2994-46B1-B68D-B8C623154C8D}.Debug|Any CPU.Build.0 = Debug|Any CPU
		{55701CF7-2994-46B1-B68D-B8C623154C8D}.Release|Any CPU.ActiveCfg = Release|Any CPU
		{55701CF7-2994-46B1-B68D-B8C623154C8D}.Release|Any CPU.Build.0 = Release|Any CPU
		{BA2DD45F-E7E2-4D69-98DF-1E725DB387D5}.Debug|Any CPU.ActiveCfg = Debug|Any CPU
		{BA2DD45F-E7E2-4D69-98DF-1E725DB387D5}.Debug|Any CPU.Build.0 = Debug|Any CPU
		{BA2DD45F-E7E2-4D69-98DF-1E725DB387D5}.Release|Any CPU.ActiveCfg = Release|Any CPU
		{BA2DD45F-E7E2-4D69-98DF-1E725DB387D5}.Release|Any CPU.Build.0 = Release|Any CPU
		{CF14C57A-404D-4834-8F03-2D0B6120A286}.Debug|Any CPU.ActiveCfg = Debug|Any CPU
		{CF14C57A-404D-4834-8F03-2D0B6120A286}.Debug|Any CPU.Build.0 = Debug|Any CPU
		{CF14C57A-404D-4834-8F03-2D0B6120A286}.Release|Any CPU.ActiveCfg = Release|Any CPU
		{CF14C57A-404D-4834-8F03-2D0B6120A286}.Release|Any CPU.Build.0 = Release|Any CPU
		{9EF2535F-A49D-41CD-B126-2614831A55FB}.Debug|Any CPU.ActiveCfg = Debug|Any CPU
		{9EF2535F-A49D-41CD-B126-2614831A55FB}.Debug|Any CPU.Build.0 = Debug|Any CPU
		{9EF2535F-A49D-41CD-B126-2614831A55FB}.Release|Any CPU.ActiveCfg = Release|Any CPU
		{9EF2535F-A49D-41CD-B126-2614831A55FB}.Release|Any CPU.Build.0 = Release|Any CPU
		{A17CD6F1-1103-4CA7-B838-54443E488654}.Debug|Any CPU.ActiveCfg = Debug|Any CPU
		{A17CD6F1-1103-4CA7-B838-54443E488654}.Debug|Any CPU.Build.0 = Debug|Any CPU
		{A17CD6F1-1103-4CA7-B838-54443E488654}.Release|Any CPU.ActiveCfg = Release|Any CPU
		{A17CD6F1-1103-4CA7-B838-54443E488654}.Release|Any CPU.Build.0 = Release|Any CPU
		{BCBD6302-F5D4-4BBB-9AA8-49BF70388B31}.Debug|Any CPU.ActiveCfg = Debug|Any CPU
		{BCBD6302-F5D4-4BBB-9AA8-49BF70388B31}.Debug|Any CPU.Build.0 = Debug|Any CPU
		{BCBD6302-F5D4-4BBB-9AA8-49BF70388B31}.Release|Any CPU.ActiveCfg = Release|Any CPU
		{BCBD6302-F5D4-4BBB-9AA8-49BF70388B31}.Release|Any CPU.Build.0 = Release|Any CPU
		{E59B0DB4-0405-469C-8AAA-C503B5B1BDDD}.Debug|Any CPU.ActiveCfg = Debug|Any CPU
		{E59B0DB4-0405-469C-8AAA-C503B5B1BDDD}.Debug|Any CPU.Build.0 = Debug|Any CPU
		{E59B0DB4-0405-469C-8AAA-C503B5B1BDDD}.Release|Any CPU.ActiveCfg = Release|Any CPU
		{E59B0DB4-0405-469C-8AAA-C503B5B1BDDD}.Release|Any CPU.Build.0 = Release|Any CPU
	EndGlobalSection
	GlobalSection(SolutionProperties) = preSolution
		HideSolutionNode = FALSE
	EndGlobalSection
	GlobalSection(NestedProjects) = preSolution
		{B41D028F-FCED-4EAB-AC3B-917773D2EDA6} = {C0907374-2630-448D-BF9A-EEFA2D4C6871}
		{24F04221-1406-47B4-8DEB-8055F69B720A} = {B41D028F-FCED-4EAB-AC3B-917773D2EDA6}
		{55701CF7-2994-46B1-B68D-B8C623154C8D} = {B41D028F-FCED-4EAB-AC3B-917773D2EDA6}
		{BA2DD45F-E7E2-4D69-98DF-1E725DB387D5} = {B41D028F-FCED-4EAB-AC3B-917773D2EDA6}
		{CF14C57A-404D-4834-8F03-2D0B6120A286} = {B41D028F-FCED-4EAB-AC3B-917773D2EDA6}
		{9EF2535F-A49D-41CD-B126-2614831A55FB} = {B41D028F-FCED-4EAB-AC3B-917773D2EDA6}
		{A17CD6F1-1103-4CA7-B838-54443E488654} = {F5BEA9CB-1205-41D0-B820-92B9ECD5A1CA}
		{BCBD6302-F5D4-4BBB-9AA8-49BF70388B31} = {75122850-920B-4CC5-86BE-6554F22560FA}
		{E59B0DB4-0405-469C-8AAA-C503B5B1BDDD} = {C0907374-2630-448D-BF9A-EEFA2D4C6871}
		{C0907374-2630-448D-BF9A-EEFA2D4C6871} = {75122850-920B-4CC5-86BE-6554F22560FA}
	EndGlobalSection
	GlobalSection(ExtensibilityGlobals) = postSolution
		SolutionGuid = {E74AFCEE-393C-4347-BF7A-ECABD0EA6820}
	EndGlobalSection
EndGlobal
