
Microsoft Visual Studio Solution File, Format Version 12.00
# Visual Studio Version 16
VisualStudioVersion = 16.0.34301.259
MinimumVisualStudioVersion = 10.0.40219.1
Project("{2150E333-8FDC-42A3-9474-1A3956D46DE8}") = "Dominio", "Dominio", "{B41D028F-FCED-4EAB-AC3B-917773D2EDA6}"
EndProject
Project("{FAE04EC0-301F-11D3-BF4B-00C04F79EFBC}") = "EncuestasDAO", "Dominio\EncuestasDAO\EncuestasDAO.csproj", "{24F04221-1406-47B4-8DEB-8055F69B720A}"
EndProject
Project("{FAE04EC0-301F-11D3-BF4B-00C04F79EFBC}") = "EncuestaServicio", "Dominio\EncuestaServicio\EncuestaServicio.csproj", "{55701CF7-2994-46B1-B68D-B8C623154C8D}"
EndProject
Project("{FAE04EC0-301F-11D3-BF4B-00C04F79EFBC}") = "EncuestasSQLServerDaoImpl", "Dominio\EncuestasSQLServerDaoImpl\EncuestasSQLServerDaoImpl.csproj", "{BA2DD45F-E7E2-4D69-98DF-1E725DB387D5}"
EndProject
Project("{FAE04EC0-301F-11D3-BF4B-00C04F79EFBC}") = "EncuestaAppTest", "EncuestaAppTest\EncuestaAppTest.csproj", "{72A2ABDD-BFE7-44B0-BDE2-F1D48A7219D7}"
EndProject
Project("{2150E333-8FDC-42A3-9474-1A3956D46DE8}") = "EjemplosUsandoSQLServersimple", "EjemplosUsandoSQLServersimple", "{14F32590-D7D7-4F31-A79D-BD8AC540C257}"
EndProject
Project("{2150E333-8FDC-42A3-9474-1A3956D46DE8}") = "EjemploUsandoDao", "EjemploUsandoDao", "{5C7C8238-B92B-42D3-BAE1-70698D82118E}"
EndProject
Project("{FAE04EC0-301F-11D3-BF4B-00C04F79EFBC}") = "EncuestasNuevoModels", "Dominio\EncuestasModels\EncuestasNuevoModels.csproj", "{CF14C57A-404D-4834-8F03-2D0B6120A286}"
EndProject
Project("{2150E333-8FDC-42A3-9474-1A3956D46DE8}") = "docs", "docs", "{90E4B059-CCDC-46A8-95F4-1AEB8759220A}"
	ProjectSection(SolutionItems) = preProject
		docs\modelo_de_capas.png = docs\modelo_de_capas.png
	EndProjectSection
EndProject
Project("{FAE04EC0-301F-11D3-BF4B-00C04F79EFBC}") = "EncuestasSQLiteDaoImpl", "Dominio\EncuestasSQLiteDaoImpl\EncuestasSQLiteDaoImpl.csproj", "{9EF2535F-A49D-41CD-B126-2614831A55FB}"
EndProject
Project("{2150E333-8FDC-42A3-9474-1A3956D46DE8}") = "EjemplosUsandoSQLiteSimple", "EjemplosUsandoSQLiteSimple", "{4CC7EBEA-2C72-4A20-9583-77A7E4632E25}"
EndProject
Project("{FAE04EC0-301F-11D3-BF4B-00C04F79EFBC}") = "SQLServer_Encuesta_Insert", "EjemplosUsandoSQLServerSimple\SQLServer_Encuesta_Insert\SQLServer_Encuesta_Insert.csproj", "{6A45B3D1-0931-418A-8EFA-7E5DA998446E}"
EndProject
Project("{FAE04EC0-301F-11D3-BF4B-00C04F79EFBC}") = "SQLServer_Encuesta_Select", "EjemplosUsandoSQLServerSimple\SQLServer_Encuesta_Select\SQLServer_Encuesta_Select.csproj", "{4C9EF737-871B-47D2-88A9-5DFAF945D48E}"
EndProject
Project("{FAE04EC0-301F-11D3-BF4B-00C04F79EFBC}") = "SQLServer_Encuesta_Update", "EjemplosUsandoSQLServerSimple\SQLServer_Encuesta_Update\SQLServer_Encuesta_Update.csproj", "{4065E54B-56B0-4A4D-9C16-E417E400B38F}"
EndProject
Project("{FAE04EC0-301F-11D3-BF4B-00C04F79EFBC}") = "SQLServer_Encuesta_Delete", "EjemplosUsandoSQLServerSimple\SQLServer_Encuesta_Delete\SQLServer_Encuesta_Delete.csproj", "{2A1FC062-D92E-47CA-A81B-812D79FA634B}"
EndProject
Project("{FAE04EC0-301F-11D3-BF4B-00C04F79EFBC}") = "SQLServer_Encuesta_Select_EnCurso", "EjemplosUsandoSQLServerSimple\SQLServer_Encuesta_Select_EnCurso\SQLServer_Encuesta_Select_EnCurso.csproj", "{DF9EE322-9204-47C2-998C-FD042530BCD2}"
EndProject
Project("{FAE04EC0-301F-11D3-BF4B-00C04F79EFBC}") = "SQLServer_Respuesta_Insert", "EjemplosUsandoSQLServerSimple\SQLServer_Respuesta_Insert\SQLServer_Respuesta_Insert.csproj", "{7D6B18D1-CC87-419C-96FC-F5DFB8A6900B}"
EndProject
Project("{FAE04EC0-301F-11D3-BF4B-00C04F79EFBC}") = "SQLServer_Respuesta_Select", "EjemplosUsandoSQLServerSimple\SQLServer_Respuesta_Select\SQLServer_Respuesta_Select.csproj", "{1D904486-9E1F-4AE8-9978-B7C20CEC97DF}"
EndProject
Project("{FAE04EC0-301F-11D3-BF4B-00C04F79EFBC}") = "SQLite_Encuesta_ddl", "EjemplosUsandoSQLiteSimple\SQLite_Encuesta_ddl\SQLite_Encuesta_ddl.csproj", "{CCCE00A1-D921-44A4-8621-1166CADA3850}"
EndProject
Project("{FAE04EC0-301F-11D3-BF4B-00C04F79EFBC}") = "SQLite_Encuesta_Insert", "EjemplosUsandoSQLiteSimple\SQLite_Encuesta_Insert\SQLite_Encuesta_Insert.csproj", "{FFEF4619-CDC7-4684-9BB6-17E2C4415798}"
EndProject
Project("{FAE04EC0-301F-11D3-BF4B-00C04F79EFBC}") = "SQLite_Respuesta_Select", "EjemplosUsandoSQLiteSimple\SQLite_Respuesta_Select\SQLite_Respuesta_Select.csproj", "{4B8A8AA1-1C32-45BA-8993-168F6FBEB3FC}"
EndProject
Project("{FAE04EC0-301F-11D3-BF4B-00C04F79EFBC}") = "SQLite_Encuesta_Update", "EjemplosUsandoSQLiteSimple\SQLite_Encuesta_Update\SQLite_Encuesta_Update.csproj", "{E26FE029-EAD3-41B8-AC08-F62074BA7770}"
EndProject
Project("{FAE04EC0-301F-11D3-BF4B-00C04F79EFBC}") = "SQLite_Encuesta_Select", "EjemplosUsandoSQLiteSimple\SQLite_Encuesta_Select\SQLite_Encuesta_Select.csproj", "{8CDB5DBB-5DD6-4DF9-913D-48F992DBE72E}"
EndProject
Project("{FAE04EC0-301F-11D3-BF4B-00C04F79EFBC}") = "SQLite_Respuesta_ddl", "EjemplosUsandoSQLiteSimple\SQLite_Respuesta_ddl\SQLite_Respuesta_ddl.csproj", "{66718AA1-192B-4852-9B7E-522AB085637C}"
EndProject
Global
	GlobalSection(SolutionConfigurationPlatforms) = preSolution
		Debug|Any CPU = Debug|Any CPU
		Release|Any CPU = Release|Any CPU
	EndGlobalSection
	GlobalSection(ProjectConfigurationPlatforms) = postSolution
		{24F04221-1406-47B4-8DEB-8055F69B720A}.Debug|Any CPU.ActiveCfg = Debug|Any CPU
		{24F04221-1406-47B4-8DEB-8055F69B720A}.Debug|Any CPU.Build.0 = Debug|Any CPU
		{24F04221-1406-47B4-8DEB-8055F69B720A}.Release|Any CPU.ActiveCfg = Release|Any CPU
		{24F04221-1406-47B4-8DEB-8055F69B720A}.Release|Any CPU.Build.0 = Release|Any CPU
		{55701CF7-2994-46B1-B68D-B8C623154C8D}.Debug|Any CPU.ActiveCfg = Debug|Any CPU
		{55701CF7-2994-46B1-B68D-B8C623154C8D}.Debug|Any CPU.Build.0 = Debug|Any CPU
		{55701CF7-2994-46B1-B68D-B8C623154C8D}.Release|Any CPU.ActiveCfg = Release|Any CPU
		{55701CF7-2994-46B1-B68D-B8C623154C8D}.Release|Any CPU.Build.0 = Release|Any CPU
		{BA2DD45F-E7E2-4D69-98DF-1E725DB387D5}.Debug|Any CPU.ActiveCfg = Debug|Any CPU
		{BA2DD45F-E7E2-4D69-98DF-1E725DB387D5}.Debug|Any CPU.Build.0 = Debug|Any CPU
		{BA2DD45F-E7E2-4D69-98DF-1E725DB387D5}.Release|Any CPU.ActiveCfg = Release|Any CPU
		{BA2DD45F-E7E2-4D69-98DF-1E725DB387D5}.Release|Any CPU.Build.0 = Release|Any CPU
		{72A2ABDD-BFE7-44B0-BDE2-F1D48A7219D7}.Debug|Any CPU.ActiveCfg = Debug|Any CPU
		{72A2ABDD-BFE7-44B0-BDE2-F1D48A7219D7}.Debug|Any CPU.Build.0 = Debug|Any CPU
		{72A2ABDD-BFE7-44B0-BDE2-F1D48A7219D7}.Release|Any CPU.ActiveCfg = Release|Any CPU
		{72A2ABDD-BFE7-44B0-BDE2-F1D48A7219D7}.Release|Any CPU.Build.0 = Release|Any CPU
		{CF14C57A-404D-4834-8F03-2D0B6120A286}.Debug|Any CPU.ActiveCfg = Debug|Any CPU
		{CF14C57A-404D-4834-8F03-2D0B6120A286}.Debug|Any CPU.Build.0 = Debug|Any CPU
		{CF14C57A-404D-4834-8F03-2D0B6120A286}.Release|Any CPU.ActiveCfg = Release|Any CPU
		{CF14C57A-404D-4834-8F03-2D0B6120A286}.Release|Any CPU.Build.0 = Release|Any CPU
		{9EF2535F-A49D-41CD-B126-2614831A55FB}.Debug|Any CPU.ActiveCfg = Debug|Any CPU
		{9EF2535F-A49D-41CD-B126-2614831A55FB}.Debug|Any CPU.Build.0 = Debug|Any CPU
		{9EF2535F-A49D-41CD-B126-2614831A55FB}.Release|Any CPU.ActiveCfg = Release|Any CPU
		{9EF2535F-A49D-41CD-B126-2614831A55FB}.Release|Any CPU.Build.0 = Release|Any CPU
		{6A45B3D1-0931-418A-8EFA-7E5DA998446E}.Debug|Any CPU.ActiveCfg = Debug|Any CPU
		{6A45B3D1-0931-418A-8EFA-7E5DA998446E}.Debug|Any CPU.Build.0 = Debug|Any CPU
		{6A45B3D1-0931-418A-8EFA-7E5DA998446E}.Release|Any CPU.ActiveCfg = Release|Any CPU
		{6A45B3D1-0931-418A-8EFA-7E5DA998446E}.Release|Any CPU.Build.0 = Release|Any CPU
		{4C9EF737-871B-47D2-88A9-5DFAF945D48E}.Debug|Any CPU.ActiveCfg = Debug|Any CPU
		{4C9EF737-871B-47D2-88A9-5DFAF945D48E}.Debug|Any CPU.Build.0 = Debug|Any CPU
		{4C9EF737-871B-47D2-88A9-5DFAF945D48E}.Release|Any CPU.ActiveCfg = Release|Any CPU
		{4C9EF737-871B-47D2-88A9-5DFAF945D48E}.Release|Any CPU.Build.0 = Release|Any CPU
		{4065E54B-56B0-4A4D-9C16-E417E400B38F}.Debug|Any CPU.ActiveCfg = Debug|Any CPU
		{4065E54B-56B0-4A4D-9C16-E417E400B38F}.Debug|Any CPU.Build.0 = Debug|Any CPU
		{4065E54B-56B0-4A4D-9C16-E417E400B38F}.Release|Any CPU.ActiveCfg = Release|Any CPU
		{4065E54B-56B0-4A4D-9C16-E417E400B38F}.Release|Any CPU.Build.0 = Release|Any CPU
		{2A1FC062-D92E-47CA-A81B-812D79FA634B}.Debug|Any CPU.ActiveCfg = Debug|Any CPU
		{2A1FC062-D92E-47CA-A81B-812D79FA634B}.Debug|Any CPU.Build.0 = Debug|Any CPU
		{2A1FC062-D92E-47CA-A81B-812D79FA634B}.Release|Any CPU.ActiveCfg = Release|Any CPU
		{2A1FC062-D92E-47CA-A81B-812D79FA634B}.Release|Any CPU.Build.0 = Release|Any CPU
		{DF9EE322-9204-47C2-998C-FD042530BCD2}.Debug|Any CPU.ActiveCfg = Debug|Any CPU
		{DF9EE322-9204-47C2-998C-FD042530BCD2}.Debug|Any CPU.Build.0 = Debug|Any CPU
		{DF9EE322-9204-47C2-998C-FD042530BCD2}.Release|Any CPU.ActiveCfg = Release|Any CPU
		{DF9EE322-9204-47C2-998C-FD042530BCD2}.Release|Any CPU.Build.0 = Release|Any CPU
		{7D6B18D1-CC87-419C-96FC-F5DFB8A6900B}.Debug|Any CPU.ActiveCfg = Debug|Any CPU
		{7D6B18D1-CC87-419C-96FC-F5DFB8A6900B}.Debug|Any CPU.Build.0 = Debug|Any CPU
		{7D6B18D1-CC87-419C-96FC-F5DFB8A6900B}.Release|Any CPU.ActiveCfg = Release|Any CPU
		{7D6B18D1-CC87-419C-96FC-F5DFB8A6900B}.Release|Any CPU.Build.0 = Release|Any CPU
		{1D904486-9E1F-4AE8-9978-B7C20CEC97DF}.Debug|Any CPU.ActiveCfg = Debug|Any CPU
		{1D904486-9E1F-4AE8-9978-B7C20CEC97DF}.Debug|Any CPU.Build.0 = Debug|Any CPU
		{1D904486-9E1F-4AE8-9978-B7C20CEC97DF}.Release|Any CPU.ActiveCfg = Release|Any CPU
		{1D904486-9E1F-4AE8-9978-B7C20CEC97DF}.Release|Any CPU.Build.0 = Release|Any CPU
		{CCCE00A1-D921-44A4-8621-1166CADA3850}.Debug|Any CPU.ActiveCfg = Debug|Any CPU
		{CCCE00A1-D921-44A4-8621-1166CADA3850}.Debug|Any CPU.Build.0 = Debug|Any CPU
		{CCCE00A1-D921-44A4-8621-1166CADA3850}.Release|Any CPU.ActiveCfg = Release|Any CPU
		{CCCE00A1-D921-44A4-8621-1166CADA3850}.Release|Any CPU.Build.0 = Release|Any CPU
		{FFEF4619-CDC7-4684-9BB6-17E2C4415798}.Debug|Any CPU.ActiveCfg = Debug|Any CPU
		{FFEF4619-CDC7-4684-9BB6-17E2C4415798}.Debug|Any CPU.Build.0 = Debug|Any CPU
		{FFEF4619-CDC7-4684-9BB6-17E2C4415798}.Release|Any CPU.ActiveCfg = Release|Any CPU
		{FFEF4619-CDC7-4684-9BB6-17E2C4415798}.Release|Any CPU.Build.0 = Release|Any CPU
		{4B8A8AA1-1C32-45BA-8993-168F6FBEB3FC}.Debug|Any CPU.ActiveCfg = Debug|Any CPU
		{4B8A8AA1-1C32-45BA-8993-168F6FBEB3FC}.Debug|Any CPU.Build.0 = Debug|Any CPU
		{4B8A8AA1-1C32-45BA-8993-168F6FBEB3FC}.Release|Any CPU.ActiveCfg = Release|Any CPU
		{4B8A8AA1-1C32-45BA-8993-168F6FBEB3FC}.Release|Any CPU.Build.0 = Release|Any CPU
		{E26FE029-EAD3-41B8-AC08-F62074BA7770}.Debug|Any CPU.ActiveCfg = Debug|Any CPU
		{E26FE029-EAD3-41B8-AC08-F62074BA7770}.Debug|Any CPU.Build.0 = Debug|Any CPU
		{E26FE029-EAD3-41B8-AC08-F62074BA7770}.Release|Any CPU.ActiveCfg = Release|Any CPU
		{E26FE029-EAD3-41B8-AC08-F62074BA7770}.Release|Any CPU.Build.0 = Release|Any CPU
		{8CDB5DBB-5DD6-4DF9-913D-48F992DBE72E}.Debug|Any CPU.ActiveCfg = Debug|Any CPU
		{8CDB5DBB-5DD6-4DF9-913D-48F992DBE72E}.Debug|Any CPU.Build.0 = Debug|Any CPU
		{8CDB5DBB-5DD6-4DF9-913D-48F992DBE72E}.Release|Any CPU.ActiveCfg = Release|Any CPU
		{8CDB5DBB-5DD6-4DF9-913D-48F992DBE72E}.Release|Any CPU.Build.0 = Release|Any CPU
		{66718AA1-192B-4852-9B7E-522AB085637C}.Debug|Any CPU.ActiveCfg = Debug|Any CPU
		{66718AA1-192B-4852-9B7E-522AB085637C}.Debug|Any CPU.Build.0 = Debug|Any CPU
		{66718AA1-192B-4852-9B7E-522AB085637C}.Release|Any CPU.ActiveCfg = Release|Any CPU
		{66718AA1-192B-4852-9B7E-522AB085637C}.Release|Any CPU.Build.0 = Release|Any CPU
	EndGlobalSection
	GlobalSection(SolutionProperties) = preSolution
		HideSolutionNode = FALSE
	EndGlobalSection
	GlobalSection(NestedProjects) = preSolution
		{24F04221-1406-47B4-8DEB-8055F69B720A} = {B41D028F-FCED-4EAB-AC3B-917773D2EDA6}
		{55701CF7-2994-46B1-B68D-B8C623154C8D} = {B41D028F-FCED-4EAB-AC3B-917773D2EDA6}
		{BA2DD45F-E7E2-4D69-98DF-1E725DB387D5} = {B41D028F-FCED-4EAB-AC3B-917773D2EDA6}
		{72A2ABDD-BFE7-44B0-BDE2-F1D48A7219D7} = {5C7C8238-B92B-42D3-BAE1-70698D82118E}
		{CF14C57A-404D-4834-8F03-2D0B6120A286} = {B41D028F-FCED-4EAB-AC3B-917773D2EDA6}
		{9EF2535F-A49D-41CD-B126-2614831A55FB} = {B41D028F-FCED-4EAB-AC3B-917773D2EDA6}
		{6A45B3D1-0931-418A-8EFA-7E5DA998446E} = {14F32590-D7D7-4F31-A79D-BD8AC540C257}
		{4C9EF737-871B-47D2-88A9-5DFAF945D48E} = {14F32590-D7D7-4F31-A79D-BD8AC540C257}
		{4065E54B-56B0-4A4D-9C16-E417E400B38F} = {14F32590-D7D7-4F31-A79D-BD8AC540C257}
		{2A1FC062-D92E-47CA-A81B-812D79FA634B} = {14F32590-D7D7-4F31-A79D-BD8AC540C257}
		{DF9EE322-9204-47C2-998C-FD042530BCD2} = {14F32590-D7D7-4F31-A79D-BD8AC540C257}
		{7D6B18D1-CC87-419C-96FC-F5DFB8A6900B} = {14F32590-D7D7-4F31-A79D-BD8AC540C257}
		{1D904486-9E1F-4AE8-9978-B7C20CEC97DF} = {14F32590-D7D7-4F31-A79D-BD8AC540C257}
		{CCCE00A1-D921-44A4-8621-1166CADA3850} = {4CC7EBEA-2C72-4A20-9583-77A7E4632E25}
		{FFEF4619-CDC7-4684-9BB6-17E2C4415798} = {4CC7EBEA-2C72-4A20-9583-77A7E4632E25}
		{4B8A8AA1-1C32-45BA-8993-168F6FBEB3FC} = {4CC7EBEA-2C72-4A20-9583-77A7E4632E25}
		{E26FE029-EAD3-41B8-AC08-F62074BA7770} = {4CC7EBEA-2C72-4A20-9583-77A7E4632E25}
		{8CDB5DBB-5DD6-4DF9-913D-48F992DBE72E} = {4CC7EBEA-2C72-4A20-9583-77A7E4632E25}
		{66718AA1-192B-4852-9B7E-522AB085637C} = {4CC7EBEA-2C72-4A20-9583-77A7E4632E25}
	EndGlobalSection
	GlobalSection(ExtensibilityGlobals) = postSolution
		SolutionGuid = {E74AFCEE-393C-4347-BF7A-ECABD0EA6820}
	EndGlobalSection
EndGlobal
